
Microsoft Visual Studio Solution File, Format Version 12.00
# Visual Studio Version 16
VisualStudioVersion = 16.0.32126.315
MinimumVisualStudioVersion = 10.0.40219.1
Project("{FAE04EC0-301F-11D3-BF4B-00C04F79EFBC}") = "SimpleNewsWebsite", "SimpleNewsWebsite\SimpleNewsWebsite.csproj", "{5737A973-5756-4EC6-9BBA-52B1515CDB9F}"
EndProject
Global
	GlobalSection(SolutionConfigurationPlatforms) = preSolution
		Debug|Any CPU = Debug|Any CPU
		Release|Any CPU = Release|Any CPU
	EndGlobalSection
	GlobalSection(ProjectConfigurationPlatforms) = postSolution
		{5737A973-5756-4EC6-9BBA-52B1515CDB9F}.Debug|Any CPU.ActiveCfg = Debug|Any CPU
		{5737A973-5756-4EC6-9BBA-52B1515CDB9F}.Debug|Any CPU.Build.0 = Debug|Any CPU
		{5737A973-5756-4EC6-9BBA-52B1515CDB9F}.Release|Any CPU.ActiveCfg = Release|Any CPU
		{5737A973-5756-4EC6-9BBA-52B1515CDB9F}.Release|Any CPU.Build.0 = Release|Any CPU
	EndGlobalSection
	GlobalSection(SolutionProperties) = preSolution
		HideSolutionNode = FALSE
	EndGlobalSection
	GlobalSection(ExtensibilityGlobals) = postSolution
		SolutionGuid = {2D1272F2-ED51-4F79-BF7B-7495ACD312D7}
	EndGlobalSection
EndGlobal
